
Microsoft Visual Studio Solution File, Format Version 12.00
# Visual Studio Version 17
VisualStudioVersion = 17.0.31903.59
MinimumVisualStudioVersion = 10.0.40219.1
Project("{2150E333-8FDC-42A3-9474-1A3956D46DE8}") = "test", "test", "{0C88DD14-F956-CE84-757C-A364CCF449FC}"
EndProject
Project("{2150E333-8FDC-42A3-9474-1A3956D46DE8}") = "unit", "unit", "{05A4E2C6-34EB-452A-C515-50BACA389F66}"
EndProject
Project("{FAE04EC0-301F-11D3-BF4B-00C04F79EFBC}") = "church-rota.unit.tests", "test\unit\church-rota.unit.tests.csproj", "{8A2FF3B7-3A92-46CC-8E76-9B6F49CEF455}"
EndProject
Project("{2150E333-8FDC-42A3-9474-1A3956D46DE8}") = "acceptance", "acceptance", "{9C476060-38B5-2C4A-33D0-4C9156000C4B}"
EndProject
Project("{FAE04EC0-301F-11D3-BF4B-00C04F79EFBC}") = "church-rota.acceptance.tests", "test\acceptance\church-rota.acceptance.tests.csproj", "{63092869-99A6-4D50-8DDE-DF34A3B73646}"
EndProject
Project("{2150E333-8FDC-42A3-9474-1A3956D46DE8}") = "src", "src", "{827E0CD3-B72D-47B6-A68D-7590B98EB39B}"
EndProject
Project("{2150E333-8FDC-42A3-9474-1A3956D46DE8}") = "api", "api", "{81034408-37C8-1011-444E-4C15C2FADA8E}"
EndProject
Project("{FAE04EC0-301F-11D3-BF4B-00C04F79EFBC}") = "church-rota.api", "src\api\church-rota.api.csproj", "{B743FFA3-3BDD-4017-8100-D511543A1C85}"
EndProject
Global
	GlobalSection(SolutionConfigurationPlatforms) = preSolution
		Debug|Any CPU = Debug|Any CPU
		Debug|x64 = Debug|x64
		Debug|x86 = Debug|x86
		Release|Any CPU = Release|Any CPU
		Release|x64 = Release|x64
		Release|x86 = Release|x86
	EndGlobalSection
	GlobalSection(ProjectConfigurationPlatforms) = postSolution
		{8A2FF3B7-3A92-46CC-8E76-9B6F49CEF455}.Debug|Any CPU.ActiveCfg = Debug|Any CPU
		{8A2FF3B7-3A92-46CC-8E76-9B6F49CEF455}.Debug|Any CPU.Build.0 = Debug|Any CPU
		{8A2FF3B7-3A92-46CC-8E76-9B6F49CEF455}.Debug|x64.ActiveCfg = Debug|Any CPU
		{8A2FF3B7-3A92-46CC-8E76-9B6F49CEF455}.Debug|x64.Build.0 = Debug|Any CPU
		{8A2FF3B7-3A92-46CC-8E76-9B6F49CEF455}.Debug|x86.ActiveCfg = Debug|Any CPU
		{8A2FF3B7-3A92-46CC-8E76-9B6F49CEF455}.Debug|x86.Build.0 = Debug|Any CPU
		{8A2FF3B7-3A92-46CC-8E76-9B6F49CEF455}.Release|Any CPU.ActiveCfg = Release|Any CPU
		{8A2FF3B7-3A92-46CC-8E76-9B6F49CEF455}.Release|Any CPU.Build.0 = Release|Any CPU
		{8A2FF3B7-3A92-46CC-8E76-9B6F49CEF455}.Release|x64.ActiveCfg = Release|Any CPU
		{8A2FF3B7-3A92-46CC-8E76-9B6F49CEF455}.Release|x64.Build.0 = Release|Any CPU
		{8A2FF3B7-3A92-46CC-8E76-9B6F49CEF455}.Release|x86.ActiveCfg = Release|Any CPU
		{8A2FF3B7-3A92-46CC-8E76-9B6F49CEF455}.Release|x86.Build.0 = Release|Any CPU
		{63092869-99A6-4D50-8DDE-DF34A3B73646}.Debug|Any CPU.ActiveCfg = Debug|Any CPU
		{63092869-99A6-4D50-8DDE-DF34A3B73646}.Debug|Any CPU.Build.0 = Debug|Any CPU
		{63092869-99A6-4D50-8DDE-DF34A3B73646}.Debug|x64.ActiveCfg = Debug|Any CPU
		{63092869-99A6-4D50-8DDE-DF34A3B73646}.Debug|x64.Build.0 = Debug|Any CPU
		{63092869-99A6-4D50-8DDE-DF34A3B73646}.Debug|x86.ActiveCfg = Debug|Any CPU
		{63092869-99A6-4D50-8DDE-DF34A3B73646}.Debug|x86.Build.0 = Debug|Any CPU
		{63092869-99A6-4D50-8DDE-DF34A3B73646}.Release|Any CPU.ActiveCfg = Release|Any CPU
		{63092869-99A6-4D50-8DDE-DF34A3B73646}.Release|Any CPU.Build.0 = Release|Any CPU
		{63092869-99A6-4D50-8DDE-DF34A3B73646}.Release|x64.ActiveCfg = Release|Any CPU
		{63092869-99A6-4D50-8DDE-DF34A3B73646}.Release|x64.Build.0 = Release|Any CPU
		{63092869-99A6-4D50-8DDE-DF34A3B73646}.Release|x86.ActiveCfg = Release|Any CPU
		{63092869-99A6-4D50-8DDE-DF34A3B73646}.Release|x86.Build.0 = Release|Any CPU
		{B743FFA3-3BDD-4017-8100-D511543A1C85}.Debug|Any CPU.ActiveCfg = Debug|Any CPU
		{B743FFA3-3BDD-4017-8100-D511543A1C85}.Debug|Any CPU.Build.0 = Debug|Any CPU
		{B743FFA3-3BDD-4017-8100-D511543A1C85}.Debug|x64.ActiveCfg = Debug|Any CPU
		{B743FFA3-3BDD-4017-8100-D511543A1C85}.Debug|x64.Build.0 = Debug|Any CPU
		{B743FFA3-3BDD-4017-8100-D511543A1C85}.Debug|x86.ActiveCfg = Debug|Any CPU
		{B743FFA3-3BDD-4017-8100-D511543A1C85}.Debug|x86.Build.0 = Debug|Any CPU
		{B743FFA3-3BDD-4017-8100-D511543A1C85}.Release|Any CPU.ActiveCfg = Release|Any CPU
		{B743FFA3-3BDD-4017-8100-D511543A1C85}.Release|Any CPU.Build.0 = Release|Any CPU
		{B743FFA3-3BDD-4017-8100-D511543A1C85}.Release|x64.ActiveCfg = Release|Any CPU
		{B743FFA3-3BDD-4017-8100-D511543A1C85}.Release|x64.Build.0 = Release|Any CPU
		{B743FFA3-3BDD-4017-8100-D511543A1C85}.Release|x86.ActiveCfg = Release|Any CPU
		{B743FFA3-3BDD-4017-8100-D511543A1C85}.Release|x86.Build.0 = Release|Any CPU
	EndGlobalSection
	GlobalSection(SolutionProperties) = preSolution
		HideSolutionNode = FALSE
	EndGlobalSection
	GlobalSection(NestedProjects) = preSolution
		{05A4E2C6-34EB-452A-C515-50BACA389F66} = {0C88DD14-F956-CE84-757C-A364CCF449FC}
		{8A2FF3B7-3A92-46CC-8E76-9B6F49CEF455} = {05A4E2C6-34EB-452A-C515-50BACA389F66}
		{9C476060-38B5-2C4A-33D0-4C9156000C4B} = {0C88DD14-F956-CE84-757C-A364CCF449FC}
		{63092869-99A6-4D50-8DDE-DF34A3B73646} = {9C476060-38B5-2C4A-33D0-4C9156000C4B}
		{81034408-37C8-1011-444E-4C15C2FADA8E} = {827E0CD3-B72D-47B6-A68D-7590B98EB39B}
		{B743FFA3-3BDD-4017-8100-D511543A1C85} = {81034408-37C8-1011-444E-4C15C2FADA8E}
	EndGlobalSection
EndGlobal
